
Microsoft Visual Studio Solution File, Format Version 12.00
# Visual Studio Version 17
VisualStudioVersion = 17.11.35327.3
MinimumVisualStudioVersion = 10.0.40219.1
Project("{FAE04EC0-301F-11D3-BF4B-00C04F79EFBC}") = "ShopAPI", "ShopAPI\ShopAPI.csproj", "{B8C9C1F6-E8D0-4B85-8E39-FE6B2DB82270}"
EndProject
Global
	GlobalSection(SolutionConfigurationPlatforms) = preSolution
		Debug|Any CPU = Debug|Any CPU
		Release|Any CPU = Release|Any CPU
	EndGlobalSection
	GlobalSection(ProjectConfigurationPlatforms) = postSolution
		{B8C9C1F6-E8D0-4B85-8E39-FE6B2DB82270}.Debug|Any CPU.ActiveCfg = Debug|Any CPU
		{B8C9C1F6-E8D0-4B85-8E39-FE6B2DB82270}.Debug|Any CPU.Build.0 = Debug|Any CPU
		{B8C9C1F6-E8D0-4B85-8E39-FE6B2DB82270}.Release|Any CPU.ActiveCfg = Release|Any CPU
		{B8C9C1F6-E8D0-4B85-8E39-FE6B2DB82270}.Release|Any CPU.Build.0 = Release|Any CPU
	EndGlobalSection
	GlobalSection(SolutionProperties) = preSolution
		HideSolutionNode = FALSE
	EndGlobalSection
	GlobalSection(ExtensibilityGlobals) = postSolution
		SolutionGuid = {025BBB19-F540-421A-A814-1BD902E2B87A}
	EndGlobalSection
EndGlobal
